Microsoft Visual Studio Solution File, Format Version 12.00
# Visual Studio Version 17
VisualStudioVersion = 17.0.31903.59
MinimumVisualStudioVersion = 10.0.40219.1
Project("{FAE04EC0-301F-11D3-BF4B-00C04F79EFBC}") = "CosmosDbDemo", "CosmosDbDemo.csproj", "{4B214657-130F-4E61-ACD1-EC6D9DD5E157}"
EndProject
Global
	GlobalSection(SolutionConfigurationPlatforms) = preSolution
		Debug|Any CPU = Debug|Any CPU
		Release|Any CPU = Release|Any CPU
	EndGlobalSection
	GlobalSection(ProjectConfigurationPlatforms) = postSolution
		{4B214657-130F-4E61-ACD1-EC6D9DD5E157}.Debug|Any CPU.ActiveCfg = Debug|Any CPU
		{4B214657-130F-4E61-ACD1-EC6D9DD5E157}.Debug|Any CPU.Build.0 = Debug|Any CPU
		{4B214657-130F-4E61-ACD1-EC6D9DD5E157}.Release|Any CPU.ActiveCfg = Release|Any CPU
		{4B214657-130F-4E61-ACD1-EC6D9DD5E157}.Release|Any CPU.Build.0 = Release|Any CPU
	EndGlobalSection
	GlobalSection(SolutionProperties) = preSolution
		HideSolutionNode = FALSE
	EndGlobalSection
	GlobalSection(ExtensibilityGlobals) = postSolution
		SolutionGuid = {Q1R2S3T4-U5V6-W7X8-Y9Z0-A1B2C3D4E5F6}
	EndGlobalSection
EndGlobal
